// !$*UTF8*$!
{
	archiveVersion = 1;
	classes = {
	};
	objectVersion = 55;
	objects = {

/* Begin PBXBuildFile section */
		D626CD7B289819F90060AA16 /* Competition.swift in Sources */ = {isa = PBXBuildFile; fileRef = D626CD7A289819F90060AA16 /* Competition.swift */; };
		D626CD7D28981AFE0060AA16 /* CompetitionListViewController.swift in Sources */ = {isa = PBXBuildFile; fileRef = D626CD7C28981AFE0060AA16 /* CompetitionListViewController.swift */; };
		D626CD7F28996CC20060AA16 /* MatchListViewController.swift in Sources */ = {isa = PBXBuildFile; fileRef = D626CD7E28996CC20060AA16 /* MatchListViewController.swift */; };
		D626CD8128996CEC0060AA16 /* Match.swift in Sources */ = {isa = PBXBuildFile; fileRef = D626CD8028996CEC0060AA16 /* Match.swift */; };
		D626CD83289B35D50060AA16 /* AnalysisTypeListViewController.swift in Sources */ = {isa = PBXBuildFile; fileRef = D626CD82289B35D50060AA16 /* AnalysisTypeListViewController.swift */; };
		D64D51EA2882A70D005E61B1 /* AppDelegate.swift in Sources */ = {isa = PBXBuildFile; fileRef = D64D51E92882A70D005E61B1 /* AppDelegate.swift */; };
		D64D51EC2882A70D005E61B1 /* SceneDelegate.swift in Sources */ = {isa = PBXBuildFile; fileRef = D64D51EB2882A70D005E61B1 /* SceneDelegate.swift */; };
		D64D51EE2882A70D005E61B1 /* ViewController.swift in Sources */ = {isa = PBXBuildFile; fileRef = D64D51ED2882A70D005E61B1 /* ViewController.swift */; };
		D64D51F12882A70D005E61B1 /* Main.storyboard in Resources */ = {isa = PBXBuildFile; fileRef = D64D51EF2882A70D005E61B1 /* Main.storyboard */; };
		D64D51F32882A70E005E61B1 /* Assets.xcassets in Resources */ = {isa = PBXBuildFile; fileRef = D64D51F22882A70E005E61B1 /* Assets.xcassets */; };
		D64D51F62882A70E005E61B1 /* LaunchScreen.storyboard in Resources */ = {isa = PBXBuildFile; fileRef = D64D51F42882A70E005E61B1 /* LaunchScreen.storyboard */; };
		D64D51FE2882A773005E61B1 /* Event.swift in Sources */ = {isa = PBXBuildFile; fileRef = D64D51FD2882A773005E61B1 /* Event.swift */; };
		D6FB80D52888474900692304 /* PassSonarViewController.swift in Sources */ = {isa = PBXBuildFile; fileRef = D6FB80D42888474900692304 /* PassSonarViewController.swift */; };
		D6FB80D7288847DF00692304 /* PassMapViewController.swift in Sources */ = {isa = PBXBuildFile; fileRef = D6FB80D6288847DF00692304 /* PassMapViewController.swift */; };
		D6FB80D92888485600692304 /* Common.swift in Sources */ = {isa = PBXBuildFile; fileRef = D6FB80D82888485600692304 /* Common.swift */; };
		D6FB80DD288AE5A700692304 /* DataFetcher.swift in Sources */ = {isa = PBXBuildFile; fileRef = D6FB80DC288AE5A700692304 /* DataFetcher.swift */; };
		D6FB80E1288AE80000692304 /* data in Resources */ = {isa = PBXBuildFile; fileRef = D6FB80E0288AE80000692304 /* data */; };
		D6FB80E4288AE87D00692304 /* Lineup.swift in Sources */ = {isa = PBXBuildFile; fileRef = D6FB80E3288AE87D00692304 /* Lineup.swift */; };
		D6FB80E7288AEE7500692304 /* Game.swift in Sources */ = {isa = PBXBuildFile; fileRef = D6FB80E6288AEE7500692304 /* Game.swift */; };
		D6FB80EA288AEFDF00692304 /* PlaygroundViewController.swift in Sources */ = {isa = PBXBuildFile; fileRef = D6FB80E9288AEFDF00692304 /* PlaygroundViewController.swift */; };
		D6FB80EC288AF08200692304 /* PositionToViewConverter.swift in Sources */ = {isa = PBXBuildFile; fileRef = D6FB80EB288AF08200692304 /* PositionToViewConverter.swift */; };
		D6FB80EE288AF39800692304 /* BasicPlayerView.swift in Sources */ = {isa = PBXBuildFile; fileRef = D6FB80ED288AF39800692304 /* BasicPlayerView.swift */; };
		D6FB80F02890AC7300692304 /* ID.swift in Sources */ = {isa = PBXBuildFile; fileRef = D6FB80EF2890AC7300692304 /* ID.swift */; };
/* End PBXBuildFile section */

/* Begin PBXFileReference section */
		D626CD7A289819F90060AA16 /* Competition.swift */ = {isa = PBXFileReference; lastKnownFileType = sourcecode.swift; path = Competition.swift; sourceTree = "<group>"; };
		D626CD7C28981AFE0060AA16 /* CompetitionListViewController.swift */ = {isa = PBXFileReference; lastKnownFileType = sourcecode.swift; path = CompetitionListViewController.swift; sourceTree = "<group>"; };
		D626CD7E28996CC20060AA16 /* MatchListViewController.swift */ = {isa = PBXFileReference; lastKnownFileType = sourcecode.swift; path = MatchListViewController.swift; sourceTree = "<group>"; };
		D626CD8028996CEC0060AA16 /* Match.swift */ = {isa = PBXFileReference; lastKnownFileType = sourcecode.swift; path = Match.swift; sourceTree = "<group>"; };
		D626CD82289B35D50060AA16 /* AnalysisTypeListViewController.swift */ = {isa = PBXFileReference; lastKnownFileType = sourcecode.swift; path = AnalysisTypeListViewController.swift; sourceTree = "<group>"; };
		D64D51E62882A70D005E61B1 /* try-statsbomb.app */ = {isa = PBXFileReference; explicitFileType = wrapper.application; includeInIndex = 0; path = "try-statsbomb.app"; sourceTree = BUILT_PRODUCTS_DIR; };
		D64D51E92882A70D005E61B1 /* AppDelegate.swift */ = {isa = PBXFileReference; lastKnownFileType = sourcecode.swift; path = AppDelegate.swift; sourceTree = "<group>"; };
		D64D51EB2882A70D005E61B1 /* SceneDelegate.swift */ = {isa = PBXFileReference; lastKnownFileType = sourcecode.swift; path = SceneDelegate.swift; sourceTree = "<group>"; };
		D64D51ED2882A70D005E61B1 /* ViewController.swift */ = {isa = PBXFileReference; lastKnownFileType = sourcecode.swift; path = ViewController.swift; sourceTree = "<group>"; };
		D64D51F02882A70D005E61B1 /* Base */ = {isa = PBXFileReference; lastKnownFileType = file.storyboard; name = Base; path = Base.lproj/Main.storyboard; sourceTree = "<group>"; };
		D64D51F22882A70E005E61B1 /* Assets.xcassets */ = {isa = PBXFileReference; lastKnownFileType = folder.assetcatalog; path = Assets.xcassets; sourceTree = "<group>"; };
		D64D51F52882A70E005E61B1 /* Base */ = {isa = PBXFileReference; lastKnownFileType = file.storyboard; name = Base; path = Base.lproj/LaunchScreen.storyboard; sourceTree = "<group>"; };
		D64D51F72882A70E005E61B1 /* Info.plist */ = {isa = PBXFileReference; lastKnownFileType = text.plist.xml; path = Info.plist; sourceTree = "<group>"; };
		D64D51FD2882A773005E61B1 /* Event.swift */ = {isa = PBXFileReference; lastKnownFileType = sourcecode.swift; path = Event.swift; sourceTree = "<group>"; };
		D6FB80D42888474900692304 /* PassSonarViewController.swift */ = {isa = PBXFileReference; lastKnownFileType = sourcecode.swift; path = PassSonarViewController.swift; sourceTree = "<group>"; };
		D6FB80D6288847DF00692304 /* PassMapViewController.swift */ = {isa = PBXFileReference; lastKnownFileType = sourcecode.swift; path = PassMapViewController.swift; sourceTree = "<group>"; };
		D6FB80D82888485600692304 /* Common.swift */ = {isa = PBXFileReference; lastKnownFileType = sourcecode.swift; path = Common.swift; sourceTree = "<group>"; };
		D6FB80DC288AE5A700692304 /* DataFetcher.swift */ = {isa = PBXFileReference; lastKnownFileType = sourcecode.swift; path = DataFetcher.swift; sourceTree = "<group>"; };
		D6FB80E0288AE80000692304 /* data */ = {isa = PBXFileReference; fileEncoding = 4; lastKnownFileType = text; path = data; sourceTree = SOURCE_ROOT; };
		D6FB80E3288AE87D00692304 /* Lineup.swift */ = {isa = PBXFileReference; lastKnownFileType = sourcecode.swift; path = Lineup.swift; sourceTree = "<group>"; };
		D6FB80E6288AEE7500692304 /* Game.swift */ = {isa = PBXFileReference; lastKnownFileType = sourcecode.swift; path = Game.swift; sourceTree = "<group>"; };
		D6FB80E9288AEFDF00692304 /* PlaygroundViewController.swift */ = {isa = PBXFileReference; lastKnownFileType = sourcecode.swift; path = PlaygroundViewController.swift; sourceTree = "<group>"; };
		D6FB80EB288AF08200692304 /* PositionToViewConverter.swift */ = {isa = PBXFileReference; lastKnownFileType = sourcecode.swift; path = PositionToViewConverter.swift; sourceTree = "<group>"; };
		D6FB80ED288AF39800692304 /* BasicPlayerView.swift */ = {isa = PBXFileReference; lastKnownFileType = sourcecode.swift; path = BasicPlayerView.swift; sourceTree = "<group>"; };
		D6FB80EF2890AC7300692304 /* ID.swift */ = {isa = PBXFileReference; lastKnownFileType = sourcecode.swift; path = ID.swift; sourceTree = "<group>"; };
/* End PBXFileReference section */

/* Begin PBXFrameworksBuildPhase section */
		D64D51E32882A70D005E61B1 /* Frameworks */ = {
			isa = PBXFrameworksBuildPhase;
			buildActionMask = 2147483647;
			files = (
			);
			runOnlyForDeploymentPostprocessing = 0;
		};
/* End PBXFrameworksBuildPhase section */

/* Begin PBXGroup section */
		D64D51DD2882A70D005E61B1 = {
			isa = PBXGroup;
			children = (
				D626CD82289B35D50060AA16 /* AnalysisTypeListViewController.swift */,
				D626CD7E28996CC20060AA16 /* MatchListViewController.swift */,
				D64D51E82882A70D005E61B1 /* try-statsbomb */,
				D64D51E72882A70D005E61B1 /* Products */,
			);
			sourceTree = "<group>";
		};
		D64D51E72882A70D005E61B1 /* Products */ = {
			isa = PBXGroup;
			children = (
				D64D51E62882A70D005E61B1 /* try-statsbomb.app */,
			);
			name = Products;
			sourceTree = "<group>";
		};
		D64D51E82882A70D005E61B1 /* try-statsbomb */ = {
			isa = PBXGroup;
			children = (
				D64D51E92882A70D005E61B1 /* AppDelegate.swift */,
				D64D51F22882A70E005E61B1 /* Assets.xcassets */,
				D6FB80D82888485600692304 /* Common.swift */,
				D6FB80E0288AE80000692304 /* data */,
				D6FB80DC288AE5A700692304 /* DataFetcher.swift */,
				D64D51F72882A70E005E61B1 /* Info.plist */,
				D64D51F42882A70E005E61B1 /* LaunchScreen.storyboard */,
				D64D51EF2882A70D005E61B1 /* Main.storyboard */,
				D6FB80E2288AE86000692304 /* model */,
				D6FB80D6288847DF00692304 /* PassMapViewController.swift */,
				D6FB80D42888474900692304 /* PassSonarViewController.swift */,
				D6FB80E9288AEFDF00692304 /* PlaygroundViewController.swift */,
				D64D51EB2882A70D005E61B1 /* SceneDelegate.swift */,
				D6FB80E8288AEF8300692304 /* view */,
				D64D51ED2882A70D005E61B1 /* ViewController.swift */,
				D6FB80EB288AF08200692304 /* PositionToViewConverter.swift */,
				D626CD7C28981AFE0060AA16 /* CompetitionListViewController.swift */,
			);
			path = "try-statsbomb";
			sourceTree = "<group>";
		};
		D6FB80E2288AE86000692304 /* model */ = {
			isa = PBXGroup;
			children = (
				D64D51FD2882A773005E61B1 /* Event.swift */,
				D6FB80E6288AEE7500692304 /* Game.swift */,
				D6FB80EF2890AC7300692304 /* ID.swift */,
				D6FB80E3288AE87D00692304 /* Lineup.swift */,
				D626CD7A289819F90060AA16 /* Competition.swift */,
				D626CD8028996CEC0060AA16 /* Match.swift */,
			);
			path = model;
			sourceTree = "<group>";
		};
		D6FB80E8288AEF8300692304 /* view */ = {
			isa = PBXGroup;
			children = (
				D6FB80ED288AF39800692304 /* BasicPlayerView.swift */,
			);
			path = view;
			sourceTree = "<group>";
		};
/* End PBXGroup section */

/* Begin PBXNativeTarget section */
		D64D51E52882A70D005E61B1 /* try-statsbomb */ = {
			isa = PBXNativeTarget;
			buildConfigurationList = D64D51FA2882A70E005E61B1 /* Build configuration list for PBXNativeTarget "try-statsbomb" */;
			buildPhases = (
				D64D51E22882A70D005E61B1 /* Sources */,
				D64D51E32882A70D005E61B1 /* Frameworks */,
				D64D51E42882A70D005E61B1 /* Resources */,
			);
			buildRules = (
			);
			dependencies = (
			);
			name = "try-statsbomb";
			productName = "try-statsbomb";
			productReference = D64D51E62882A70D005E61B1 /* try-statsbomb.app */;
			productType = "com.apple.product-type.application";
		};
/* End PBXNativeTarget section */

/* Begin PBXProject section */
		D64D51DE2882A70D005E61B1 /* Project object */ = {
			isa = PBXProject;
			attributes = {
				BuildIndependentTargetsInParallel = 1;
				LastSwiftUpdateCheck = 1320;
				LastUpgradeCheck = 1320;
				TargetAttributes = {
					D64D51E52882A70D005E61B1 = {
						CreatedOnToolsVersion = 13.2.1;
					};
				};
			};
			buildConfigurationList = D64D51E12882A70D005E61B1 /* Build configuration list for PBXProject "try-statsbomb" */;
			compatibilityVersion = "Xcode 13.0";
			developmentRegion = en;
			hasScannedForEncodings = 0;
			knownRegions = (
				en,
				Base,
			);
			mainGroup = D64D51DD2882A70D005E61B1;
			productRefGroup = D64D51E72882A70D005E61B1 /* Products */;
			projectDirPath = "";
			projectRoot = "";
			targets = (
				D64D51E52882A70D005E61B1 /* try-statsbomb */,
			);
		};
/* End PBXProject section */

/* Begin PBXResourcesBuildPhase section */
		D64D51E42882A70D005E61B1 /* Resources */ = {
			isa = PBXResourcesBuildPhase;
			buildActionMask = 2147483647;
			files = (
				D64D51F62882A70E005E61B1 /* LaunchScreen.storyboard in Resources */,
				D64D51F32882A70E005E61B1 /* Assets.xcassets in Resources */,
				D6FB80E1288AE80000692304 /* data in Resources */,
				D64D51F12882A70D005E61B1 /* Main.storyboard in Resources */,
			);
			runOnlyForDeploymentPostprocessing = 0;
		};
/* End PBXResourcesBuildPhase section */

/* Begin PBXSourcesBuildPhase section */
		D64D51E22882A70D005E61B1 /* Sources */ = {
			isa = PBXSourcesBuildPhase;
			buildActionMask = 2147483647;
			files = (
				D64D51FE2882A773005E61B1 /* Event.swift in Sources */,
				D626CD7B289819F90060AA16 /* Competition.swift in Sources */,
				D6FB80E7288AEE7500692304 /* Game.swift in Sources */,
				D6FB80EA288AEFDF00692304 /* PlaygroundViewController.swift in Sources */,
				D626CD7D28981AFE0060AA16 /* CompetitionListViewController.swift in Sources */,
				D64D51EE2882A70D005E61B1 /* ViewController.swift in Sources */,
				D6FB80F02890AC7300692304 /* ID.swift in Sources */,
				D6FB80D7288847DF00692304 /* PassMapViewController.swift in Sources */,
				D64D51EA2882A70D005E61B1 /* AppDelegate.swift in Sources */,
				D626CD7F28996CC20060AA16 /* MatchListViewController.swift in Sources */,
				D626CD83289B35D50060AA16 /* AnalysisTypeListViewController.swift in Sources */,
				D64D51EC2882A70D005E61B1 /* SceneDelegate.swift in Sources */,
				D626CD8128996CEC0060AA16 /* Match.swift in Sources */,
				D6FB80EE288AF39800692304 /* BasicPlayerView.swift in Sources */,
				D6FB80EC288AF08200692304 /* PositionToViewConverter.swift in Sources */,
				D6FB80D52888474900692304 /* PassSonarViewController.swift in Sources */,
				D6FB80E4288AE87D00692304 /* Lineup.swift in Sources */,
				D6FB80D92888485600692304 /* Common.swift in Sources */,
				D6FB80DD288AE5A700692304 /* DataFetcher.swift in Sources */,
			);
			runOnlyForDeploymentPostprocessing = 0;
		};
/* End PBXSourcesBuildPhase section */

/* Begin PBXVariantGroup section */
		D64D51EF2882A70D005E61B1 /* Main.storyboard */ = {
			isa = PBXVariantGroup;
			children = (
				D64D51F02882A70D005E61B1 /* Base */,
			);
			name = Main.storyboard;
			sourceTree = "<group>";
		};
		D64D51F42882A70E005E61B1 /* LaunchScreen.storyboard */ = {
			isa = PBXVariantGroup;
			children = (
				D64D51F52882A70E005E61B1 /* Base */,
			);
			name = LaunchScreen.storyboard;
			sourceTree = "<group>";
		};
/* End PBXVariantGroup section */

/* Begin XCBuildConfiguration section */
		D64D51F82882A70E005E61B1 /* Debug */ = {
			isa = XCBuildConfiguration;
			buildSettings = {
				ALWAYS_SEARCH_USER_PATHS = NO;
				CLANG_ANALYZER_NONNULL = YES;
				CLANG_ANALYZER_NUMBER_OBJECT_CONVERSION = YES_AGGRESSIVE;
				CLANG_CXX_LANGUAGE_STANDARD = "gnu++17";
				CLANG_CXX_LIBRARY = "libc++";
				CLANG_ENABLE_MODULES = YES;
				CLANG_ENABLE_OBJC_ARC = YES;
				CLANG_ENABLE_OBJC_WEAK = YES;
				CLANG_WARN_BLOCK_CAPTURE_AUTORELEASING = YES;
				CLANG_WARN_BOOL_CONVERSION = YES;
				CLANG_WARN_COMMA = YES;
				CLANG_WARN_CONSTANT_CONVERSION = YES;
				CLANG_WARN_DEPRECATED_OBJC_IMPLEMENTATIONS = YES;
				CLANG_WARN_DIRECT_OBJC_ISA_USAGE = YES_ERROR;
				CLANG_WARN_DOCUMENTATION_COMMENTS = YES;
				CLANG_WARN_EMPTY_BODY = YES;
				CLANG_WARN_ENUM_CONVERSION = YES;
				CLANG_WARN_INFINITE_RECURSION = YES;
				CLANG_WARN_INT_CONVERSION = YES;
				CLANG_WARN_NON_LITERAL_NULL_CONVERSION = YES;
				CLANG_WARN_OBJC_IMPLICIT_RETAIN_SELF = YES;
				CLANG_WARN_OBJC_LITERAL_CONVERSION = YES;
				CLANG_WARN_OBJC_ROOT_CLASS = YES_ERROR;
				CLANG_WARN_QUOTED_INCLUDE_IN_FRAMEWORK_HEADER = YES;
				CLANG_WARN_RANGE_LOOP_ANALYSIS = YES;
				CLANG_WARN_STRICT_PROTOTYPES = YES;
				CLANG_WARN_SUSPICIOUS_MOVE = YES;
				CLANG_WARN_UNGUARDED_AVAILABILITY = YES_AGGRESSIVE;
				CLANG_WARN_UNREACHABLE_CODE = YES;
				CLANG_WARN__DUPLICATE_METHOD_MATCH = YES;
				COPY_PHASE_STRIP = NO;
				DEBUG_INFORMATION_FORMAT = dwarf;
				ENABLE_STRICT_OBJC_MSGSEND = YES;
				ENABLE_TESTABILITY = YES;
				GCC_C_LANGUAGE_STANDARD = gnu11;
				GCC_DYNAMIC_NO_PIC = NO;
				GCC_NO_COMMON_BLOCKS = YES;
				GCC_OPTIMIZATION_LEVEL = 0;
				GCC_PREPROCESSOR_DEFINITIONS = (
					"DEBUG=1",
					"$(inherited)",
				);
				GCC_WARN_64_TO_32_BIT_CONVERSION = YES;
				GCC_WARN_ABOUT_RETURN_TYPE = YES_ERROR;
				GCC_WARN_UNDECLARED_SELECTOR = YES;
				GCC_WARN_UNINITIALIZED_AUTOS = YES_AGGRESSIVE;
				GCC_WARN_UNUSED_FUNCTION = YES;
				GCC_WARN_UNUSED_VARIABLE = YES;
				IPHONEOS_DEPLOYMENT_TARGET = 15.2;
				MTL_ENABLE_DEBUG_INFO = INCLUDE_SOURCE;
				MTL_FAST_MATH = YES;
				ONLY_ACTIVE_ARCH = YES;
				SDKROOT = iphoneos;
				SWIFT_ACTIVE_COMPILATION_CONDITIONS = DEBUG;
				SWIFT_OPTIMIZATION_LEVEL = "-Onone";
			};
			name = Debug;
		};
		D64D51F92882A70E005E61B1 /* Release */ = {
			isa = XCBuildConfiguration;
			buildSettings = {
				ALWAYS_SEARCH_USER_PATHS = NO;
				CLANG_ANALYZER_NONNULL = YES;
				CLANG_ANALYZER_NUMBER_OBJECT_CONVERSION = YES_AGGRESSIVE;
				CLANG_CXX_LANGUAGE_STANDARD = "gnu++17";
				CLANG_CXX_LIBRARY = "libc++";
				CLANG_ENABLE_MODULES = YES;
				CLANG_ENABLE_OBJC_ARC = YES;
				CLANG_ENABLE_OBJC_WEAK = YES;
				CLANG_WARN_BLOCK_CAPTURE_AUTORELEASING = YES;
				CLANG_WARN_BOOL_CONVERSION = YES;
				CLANG_WARN_COMMA = YES;
				CLANG_WARN_CONSTANT_CONVERSION = YES;
				CLANG_WARN_DEPRECATED_OBJC_IMPLEMENTATIONS = YES;
				CLANG_WARN_DIRECT_OBJC_ISA_USAGE = YES_ERROR;
				CLANG_WARN_DOCUMENTATION_COMMENTS = YES;
				CLANG_WARN_EMPTY_BODY = YES;
				CLANG_WARN_ENUM_CONVERSION = YES;
				CLANG_WARN_INFINITE_RECURSION = YES;
				CLANG_WARN_INT_CONVERSION = YES;
				CLANG_WARN_NON_LITERAL_NULL_CONVERSION = YES;
				CLANG_WARN_OBJC_IMPLICIT_RETAIN_SELF = YES;
				CLANG_WARN_OBJC_LITERAL_CONVERSION = YES;
				CLANG_WARN_OBJC_ROOT_CLASS = YES_ERROR;
				CLANG_WARN_QUOTED_INCLUDE_IN_FRAMEWORK_HEADER = YES;
				CLANG_WARN_RANGE_LOOP_ANALYSIS = YES;
				CLANG_WARN_STRICT_PROTOTYPES = YES;
				CLANG_WARN_SUSPICIOUS_MOVE = YES;
				CLANG_WARN_UNGUARDED_AVAILABILITY = YES_AGGRESSIVE;
				CLANG_WARN_UNREACHABLE_CODE = YES;
				CLANG_WARN__DUPLICATE_METHOD_MATCH = YES;
				COPY_PHASE_STRIP = NO;
				DEBUG_INFORMATION_FORMAT = "dwarf-with-dsym";
				ENABLE_NS_ASSERTIONS = NO;
				ENABLE_STRICT_OBJC_MSGSEND = YES;
				GCC_C_LANGUAGE_STANDARD = gnu11;
				GCC_NO_COMMON_BLOCKS = YES;
				GCC_WARN_64_TO_32_BIT_CONVERSION = YES;
				GCC_WARN_ABOUT_RETURN_TYPE = YES_ERROR;
				GCC_WARN_UNDECLARED_SELECTOR = YES;
				GCC_WARN_UNINITIALIZED_AUTOS = YES_AGGRESSIVE;
				GCC_WARN_UNUSED_FUNCTION = YES;
				GCC_WARN_UNUSED_VARIABLE = YES;
				IPHONEOS_DEPLOYMENT_TARGET = 15.2;
				MTL_ENABLE_DEBUG_INFO = NO;
				MTL_FAST_MATH = YES;
				SDKROOT = iphoneos;
				SWIFT_COMPILATION_MODE = wholemodule;
				SWIFT_OPTIMIZATION_LEVEL = "-O";
				VALIDATE_PRODUCT = YES;
			};
			name = Release;
		};
		D64D51FB2882A70E005E61B1 /* Debug */ = {
			isa = XCBuildConfiguration;
			buildSettings = {
				ASSETCATALOG_COMPILER_APPICON_NAME = AppIcon;
				ASSETCATALOG_COMPILER_GLOBAL_ACCENT_COLOR_NAME = AccentColor;
				CODE_SIGN_STYLE = Automatic;
				CURRENT_PROJECT_VERSION = 1;
				DEVELOPMENT_TEAM = L64F6H3T9C;
				GENERATE_INFOPLIST_FILE = YES;
				INFOPLIST_FILE = "try-statsbomb/Info.plist";
				INFOPLIST_KEY_UIApplicationSupportsIndirectInputEvents = YES;
				INFOPLIST_KEY_UILaunchStoryboardName = LaunchScreen;
				INFOPLIST_KEY_UIMainStoryboardFile = Main;
				INFOPLIST_KEY_UISupportedInterfaceOrientations_iPad = "UIInterfaceOrientationPortrait UIInterfaceOrientationPortraitUpsideDown UIInterfaceOrientationLandscapeLeft UIInterfaceOrientationLandscapeRight";
				INFOPLIST_KEY_UISupportedInterfaceOrientations_iPhone = "UIInterfaceOrientationPortrait UIInterfaceOrientationLandscapeLeft UIInterfaceOrientationLandscapeRight";
				LD_RUNPATH_SEARCH_PATHS = (
					"$(inherited)",
					"@executable_path/Frameworks",
				);
				MARKETING_VERSION = 1.0;
				PRODUCT_BUNDLE_IDENTIFIER = "moguraproject.try-statsbomb";
				PRODUCT_NAME = "$(TARGET_NAME)";
				SWIFT_EMIT_LOC_STRINGS = YES;
				SWIFT_VERSION = 5.0;
				TARGETED_DEVICE_FAMILY = "1,2";
			};
			name = Debug;
		};
		D64D51FC2882A70E005E61B1 /* Release */ = {
			isa = XCBuildConfiguration;
			buildSettings = {
				ASSETCATALOG_COMPILER_APPICON_NAME = AppIcon;
				ASSETCATALOG_COMPILER_GLOBAL_ACCENT_COLOR_NAME = AccentColor;
				CODE_SIGN_STYLE = Automatic;
				CURRENT_PROJECT_VERSION = 1;
				DEVELOPMENT_TEAM = L64F6H3T9C;
				GENERATE_INFOPLIST_FILE = YES;
				INFOPLIST_FILE = "try-statsbomb/Info.plist";
				INFOPLIST_KEY_UIApplicationSupportsIndirectInputEvents = YES;
				INFOPLIST_KEY_UILaunchStoryboardName = LaunchScreen;
				INFOPLIST_KEY_UIMainStoryboardFile = Main;
				INFOPLIST_KEY_UISupportedInterfaceOrientations_iPad = "UIInterfaceOrientationPortrait UIInterfaceOrientationPortraitUpsideDown UIInterfaceOrientationLandscapeLeft UIInterfaceOrientationLandscapeRight";
				INFOPLIST_KEY_UISupportedInterfaceOrientations_iPhone = "UIInterfaceOrientationPortrait UIInterfaceOrientationLandscapeLeft UIInterfaceOrientationLandscapeRight";
				LD_RUNPATH_SEARCH_PATHS = (
					"$(inherited)",
					"@executable_path/Frameworks",
				);
				MARKETING_VERSION = 1.0;
				PRODUCT_BUNDLE_IDENTIFIER = "moguraproject.try-statsbomb";
				PRODUCT_NAME = "$(TARGET_NAME)";
				SWIFT_EMIT_LOC_STRINGS = YES;
				SWIFT_VERSION = 5.0;
				TARGETED_DEVICE_FAMILY = "1,2";
			};
			name = Release;
		};
/* End XCBuildConfiguration section */

/* Begin XCConfigurationList section */
		D64D51E12882A70D005E61B1 /* Build configuration list for PBXProject "try-statsbomb" */ = {
			isa = XCConfigurationList;
			buildConfigurations = (
				D64D51F82882A70E005E61B1 /* Debug */,
				D64D51F92882A70E005E61B1 /* Release */,
			);
			defaultConfigurationIsVisible = 0;
			defaultConfigurationName = Release;
		};
		D64D51FA2882A70E005E61B1 /* Build configuration list for PBXNativeTarget "try-statsbomb" */ = {
			isa = XCConfigurationList;
			buildConfigurations = (
				D64D51FB2882A70E005E61B1 /* Debug */,
				D64D51FC2882A70E005E61B1 /* Release */,
			);
			defaultConfigurationIsVisible = 0;
			defaultConfigurationName = Release;
		};
/* End XCConfigurationList section */
	};
	rootObject = D64D51DE2882A70D005E61B1 /* Project object */;
}
